// !$*UTF8*$!
{
	archiveVersion = 1;
	classes = {
	};
	objectVersion = 45;
	objects = {

/* Begin PBXBuildFile section */
		8D5B49B0048680CD000E48DA /* InfoPlist.strings in Resources */ = {isa = PBXBuildFile; fileRef = 089C167DFE841241C02AAC07 /* InfoPlist.strings */; };
		F599585611B659CF002CD06C /* PeepOpen.m in Sources */ = {isa = PBXBuildFile; fileRef = F599585511B659CF002CD06C /* PeepOpen.m */; };
		F5995B0E11B6870B002CD06C /* Cocoa.framework in Frameworks */ = {isa = PBXBuildFile; fileRef = F5995B0D11B6870B002CD06C /* Cocoa.framework */; };
		F5995BB511B6AE87002CD06C /* AppKit.framework in Frameworks */ = {isa = PBXBuildFile; fileRef = F5995BB411B6AE87002CD06C /* AppKit.framework */; };
		F5995BB911B6AE8F002CD06C /* CoreData.framework in Frameworks */ = {isa = PBXBuildFile; fileRef = F5995BB811B6AE8F002CD06C /* CoreData.framework */; };
		F5995BBD11B6AE98002CD06C /* Foundation.framework in Frameworks */ = {isa = PBXBuildFile; fileRef = F5995BBC11B6AE98002CD06C /* Foundation.framework */; };
/* End PBXBuildFile section */

/* Begin PBXFileReference section */
		089C167EFE841241C02AAC07 /* English */ = {isa = PBXFileReference; fileEncoding = 4; lastKnownFileType = text.plist.strings; name = English; path = English.lproj/InfoPlist.strings; sourceTree = "<group>"; };
		32DBCF630370AF2F00C91783 /* PeepOpen_Prefix.pch */ = {isa = PBXFileReference; fileEncoding = 4; lastKnownFileType = sourcecode.c.h; path = PeepOpen_Prefix.pch; sourceTree = "<group>"; };
		8D5B49B7048680CD000E48DA /* Info.plist */ = {isa = PBXFileReference; fileEncoding = 4; lastKnownFileType = text.plist.xml; path = Info.plist; sourceTree = "<group>"; };
		F599585211B6598D002CD06C /* TextMate.h */ = {isa = PBXFileReference; fileEncoding = 4; lastKnownFileType = sourcecode.c.h; path = TextMate.h; sourceTree = "<group>"; };
		F599585411B659CF002CD06C /* PeepOpen.h */ = {isa = PBXFileReference; fileEncoding = 4; lastKnownFileType = sourcecode.c.h; path = PeepOpen.h; sourceTree = "<group>"; };
		F599585511B659CF002CD06C /* PeepOpen.m */ = {isa = PBXFileReference; fileEncoding = 4; lastKnownFileType = sourcecode.c.objc; path = PeepOpen.m; sourceTree = "<group>"; };
		F5995B0D11B6870B002CD06C /* Cocoa.framework */ = {isa = PBXFileReference; lastKnownFileType = wrapper.framework; name = Cocoa.framework; path = System/Library/Frameworks/Cocoa.framework; sourceTree = SDKROOT; };
		F5995B9A11B690ED002CD06C /* PeepOpen.tmplugin */ = {isa = PBXFileReference; explicitFileType = wrapper.cfbundle; includeInIndex = 0; path = PeepOpen.tmplugin; sourceTree = BUILT_PRODUCTS_DIR; };
		F5995BB411B6AE87002CD06C /* AppKit.framework */ = {isa = PBXFileReference; lastKnownFileType = wrapper.framework; name = AppKit.framework; path = System/Library/Frameworks/AppKit.framework; sourceTree = SDKROOT; };
		F5995BB811B6AE8F002CD06C /* CoreData.framework */ = {isa = PBXFileReference; lastKnownFileType = wrapper.framework; name = CoreData.framework; path = System/Library/Frameworks/CoreData.framework; sourceTree = SDKROOT; };
		F5995BBC11B6AE98002CD06C /* Foundation.framework */ = {isa = PBXFileReference; lastKnownFileType = wrapper.framework; name = Foundation.framework; path = System/Library/Frameworks/Foundation.framework; sourceTree = SDKROOT; };
/* End PBXFileReference section */

/* Begin PBXFrameworksBuildPhase section */
		8D5B49B3048680CD000E48DA /* Frameworks */ = {
			isa = PBXFrameworksBuildPhase;
			buildActionMask = 2147483647;
			files = (
				F5995B0E11B6870B002CD06C /* Cocoa.framework in Frameworks */,
				F5995BB511B6AE87002CD06C /* AppKit.framework in Frameworks */,
				F5995BB911B6AE8F002CD06C /* CoreData.framework in Frameworks */,
				F5995BBD11B6AE98002CD06C /* Foundation.framework in Frameworks */,
			);
			runOnlyForDeploymentPostprocessing = 0;
		};
/* End PBXFrameworksBuildPhase section */

/* Begin PBXGroup section */
		089C166AFE841209C02AAC07 /* peep */ = {
			isa = PBXGroup;
			children = (
				08FB77AFFE84173DC02AAC07 /* Classes */,
				32C88E010371C26100C91783 /* Other Sources */,
				089C167CFE841241C02AAC07 /* Resources */,
				F5995BB311B6AE60002CD06C /* Frameworks and Libraries */,
				19C28FB8FE9D52D311CA2CBB /* Products */,
			);
			name = peep;
			sourceTree = "<group>";
		};
		089C167CFE841241C02AAC07 /* Resources */ = {
			isa = PBXGroup;
			children = (
				8D5B49B7048680CD000E48DA /* Info.plist */,
				089C167DFE841241C02AAC07 /* InfoPlist.strings */,
			);
			name = Resources;
			sourceTree = "<group>";
		};
		08FB77AFFE84173DC02AAC07 /* Classes */ = {
			isa = PBXGroup;
			children = (
			);
			name = Classes;
			sourceTree = "<group>";
		};
		19C28FB8FE9D52D311CA2CBB /* Products */ = {
			isa = PBXGroup;
			children = (
				F5995B9A11B690ED002CD06C /* PeepOpen.tmplugin */,
			);
			name = Products;
			sourceTree = "<group>";
		};
		32C88E010371C26100C91783 /* Other Sources */ = {
			isa = PBXGroup;
			children = (
				F599585211B6598D002CD06C /* TextMate.h */,
				32DBCF630370AF2F00C91783 /* PeepOpen_Prefix.pch */,
				F599585411B659CF002CD06C /* PeepOpen.h */,
				F599585511B659CF002CD06C /* PeepOpen.m */,
			);
			name = "Other Sources";
			sourceTree = "<group>";
		};
		F5995BB311B6AE60002CD06C /* Frameworks and Libraries */ = {
			isa = PBXGroup;
			children = (
				F5995BD511B6AF1A002CD06C /* Linked Frameworks */,
				F5995BD611B6AF2D002CD06C /* Other Frameworks */,
			);
			name = "Frameworks and Libraries";
			sourceTree = "<group>";
		};
		F5995BD511B6AF1A002CD06C /* Linked Frameworks */ = {
			isa = PBXGroup;
			children = (
				F5995B0D11B6870B002CD06C /* Cocoa.framework */,
			);
			name = "Linked Frameworks";
			sourceTree = "<group>";
		};
		F5995BD611B6AF2D002CD06C /* Other Frameworks */ = {
			isa = PBXGroup;
			children = (
				F5995BB411B6AE87002CD06C /* AppKit.framework */,
				F5995BB811B6AE8F002CD06C /* CoreData.framework */,
				F5995BBC11B6AE98002CD06C /* Foundation.framework */,
			);
			name = "Other Frameworks";
			sourceTree = "<group>";
		};
/* End PBXGroup section */

/* Begin PBXNativeTarget section */
		8D5B49AC048680CD000E48DA /* PeepOpen */ = {
			isa = PBXNativeTarget;
			buildConfigurationList = 1DEB913A08733D840010E9CD /* Build configuration list for PBXNativeTarget "PeepOpen" */;
			buildPhases = (
				8D5B49AF048680CD000E48DA /* Resources */,
				8D5B49B1048680CD000E48DA /* Sources */,
				8D5B49B3048680CD000E48DA /* Frameworks */,
			);
			buildRules = (
			);
			dependencies = (
			);
			name = PeepOpen;
			productInstallPath = "$(HOME)/Library/Bundles";
			productName = peep;
			productReference = F5995B9A11B690ED002CD06C /* PeepOpen.tmplugin */;
			productType = "com.apple.product-type.bundle";
		};
/* End PBXNativeTarget section */

/* Begin PBXProject section */
		089C1669FE841209C02AAC07 /* Project object */ = {
			isa = PBXProject;
			buildConfigurationList = 1DEB913E08733D840010E9CD /* Build configuration list for PBXProject "PeepOpen" */;
			compatibilityVersion = "Xcode 3.1";
			developmentRegion = English;
			hasScannedForEncodings = 1;
			knownRegions = (
				English,
				Japanese,
				French,
				German,
			);
			mainGroup = 089C166AFE841209C02AAC07 /* peep */;
			projectDirPath = "";
			projectRoot = "";
			targets = (
				8D5B49AC048680CD000E48DA /* PeepOpen */,
			);
		};
/* End PBXProject section */

/* Begin PBXResourcesBuildPhase section */
		8D5B49AF048680CD000E48DA /* Resources */ = {
			isa = PBXResourcesBuildPhase;
			buildActionMask = 2147483647;
			files = (
				8D5B49B0048680CD000E48DA /* InfoPlist.strings in Resources */,
			);
			runOnlyForDeploymentPostprocessing = 0;
		};
/* End PBXResourcesBuildPhase section */

/* Begin PBXSourcesBuildPhase section */
		8D5B49B1048680CD000E48DA /* Sources */ = {
			isa = PBXSourcesBuildPhase;
			buildActionMask = 2147483647;
			files = (
				F599585611B659CF002CD06C /* PeepOpen.m in Sources */,
			);
			runOnlyForDeploymentPostprocessing = 0;
		};
/* End PBXSourcesBuildPhase section */

/* Begin PBXVariantGroup section */
		089C167DFE841241C02AAC07 /* InfoPlist.strings */ = {
			isa = PBXVariantGroup;
			children = (
				089C167EFE841241C02AAC07 /* English */,
			);
			name = InfoPlist.strings;
			sourceTree = "<group>";
		};
/* End PBXVariantGroup section */

/* Begin XCBuildConfiguration section */
		1DEB913B08733D840010E9CD /* Debug */ = {
			isa = XCBuildConfiguration;
			buildSettings = {
				ALWAYS_SEARCH_USER_PATHS = NO;
				COPY_PHASE_STRIP = NO;
				GCC_DYNAMIC_NO_PIC = NO;
				GCC_ENABLE_FIX_AND_CONTINUE = YES;
				GCC_MODEL_TUNING = G5;
				GCC_OPTIMIZATION_LEVEL = 0;
				GCC_PRECOMPILE_PREFIX_HEADER = YES;
				GCC_PREFIX_HEADER = PeepOpen_Prefix.pch;
				INFOPLIST_FILE = Info.plist;
				INSTALL_PATH = "$(HOME)/Library/Bundles";
				ONLY_ACTIVE_ARCH = YES;
				PRODUCT_NAME = PeepOpen;
				VALID_ARCHS = "i386 x86_64";
				WRAPPER_EXTENSION = tmplugin;
			};
			name = Debug;
		};
		1DEB913C08733D840010E9CD /* Release */ = {
			isa = XCBuildConfiguration;
			buildSettings = {
				ALWAYS_SEARCH_USER_PATHS = NO;
				DEBUG_INFORMATION_FORMAT = "dwarf-with-dsym";
				GCC_MODEL_TUNING = G5;
				GCC_PRECOMPILE_PREFIX_HEADER = YES;
				GCC_PREFIX_HEADER = PeepOpen_Prefix.pch;
				INFOPLIST_FILE = Info.plist;
				INSTALL_PATH = "$(HOME)/Library/Bundles";
				ONLY_ACTIVE_ARCH = YES;
				PRODUCT_NAME = PeepOpen;
				VALID_ARCHS = "i386 x86_64";
				WRAPPER_EXTENSION = tmplugin;
			};
			name = Release;
		};
		1DEB913F08733D840010E9CD /* Debug */ = {
			isa = XCBuildConfiguration;
			buildSettings = {
				ARCHS = "$(ARCHS_STANDARD_32_BIT)";
				GCC_C_LANGUAGE_STANDARD = gnu99;
				GCC_OPTIMIZATION_LEVEL = 0;
				GCC_VERSION = 4.2;
				GCC_WARN_ABOUT_RETURN_TYPE = YES;
				GCC_WARN_UNUSED_VARIABLE = YES;
				ONLY_ACTIVE_ARCH = NO;
				PREBINDING = NO;
				SDKROOT = macosx10.6;
				VALID_ARCHS = i386;
			};
			name = Debug;
		};
		1DEB914008733D840010E9CD /* Release */ = {
			isa = XCBuildConfiguration;
			buildSettings = {
				ARCHS = "$(ARCHS_STANDARD_32_BIT)";
				GCC_C_LANGUAGE_STANDARD = gnu99;
				GCC_VERSION = 4.2;
				GCC_WARN_ABOUT_RETURN_TYPE = YES;
				GCC_WARN_UNUSED_VARIABLE = YES;
				ONLY_ACTIVE_ARCH = NO;
				PREBINDING = NO;
				SDKROOT = macosx10.6;
				VALID_ARCHS = i386;
			};
			name = Release;
		};
/* End XCBuildConfiguration section */

/* Begin XCConfigurationList section */
		1DEB913A08733D840010E9CD /* Build configuration list for PBXNativeTarget "PeepOpen" */ = {
			isa = XCConfigurationList;
			buildConfigurations = (
				1DEB913B08733D840010E9CD /* Debug */,
				1DEB913C08733D840010E9CD /* Release */,
			);
			defaultConfigurationIsVisible = 0;
			defaultConfigurationName = Release;
		};
		1DEB913E08733D840010E9CD /* Build configuration list for PBXProject "PeepOpen" */ = {
			isa = XCConfigurationList;
			buildConfigurations = (
				1DEB913F08733D840010E9CD /* Debug */,
				1DEB914008733D840010E9CD /* Release */,
			);
			defaultConfigurationIsVisible = 0;
			defaultConfigurationName = Release;
		};
/* End XCConfigurationList section */
	};
	rootObject = 089C1669FE841209C02AAC07 /* Project object */;
}
